{
    "version": 3,
    "terraform_version": "0.11.10",
    "serial": 8,
    "lineage": "c88fb82c-9987-7696-5276-689e17c31be5",
    "modules": [
        {
            "path": [
                "root"
            ],
            "outputs": {},
            "resources": {
                "aws_instance.tf-example-vm": {
                    "type": "aws_instance",
                    "depends_on": [
                        "data.aws_ami.amazon-linux-2"
                    ],
                    "primary": {
                        "id": "i-0a4e702836a55c56c",
                        "attributes": {
                            "ami": "ami-02ea8f348fa28c108",
                            "arn": "arn:aws:ec2:eu-central-1:472294787908:instance/i-0a4e702836a55c56c",
                            "associate_public_ip_address": "true",
                            "availability_zone": "eu-central-1b",
                            "cpu_core_count": "1",
                            "cpu_threads_per_core": "1",
                            "credit_specification.#": "1",
                            "credit_specification.0.cpu_credits": "standard",
                            "disable_api_termination": "false",
                            "ebs_block_device.#": "0",
                            "ebs_optimized": "false",
                            "ephemeral_block_device.#": "0",
                            "get_password_data": "false",
                            "iam_instance_profile": "",
                            "id": "i-0a4e702836a55c56c",
                            "instance_state": "running",
                            "instance_type": "t2.micro",
                            "ipv6_addresses.#": "0",
                            "key_name": "",
                            "monitoring": "false",
                            "network_interface.#": "0",
                            "network_interface_id": "eni-0bec365f22bb5d9d6",
                            "password_data": "",
                            "placement_group": "",
                            "primary_network_interface_id": "eni-0bec365f22bb5d9d6",
                            "private_dns": "ip-172-31-35-109.eu-central-1.compute.internal",
                            "private_ip": "172.31.35.109",
                            "public_dns": "ec2-3-120-132-188.eu-central-1.compute.amazonaws.com",
                            "public_ip": "3.120.132.188",
                            "root_block_device.#": "1",
                            "root_block_device.0.delete_on_termination": "true",
                            "root_block_device.0.iops": "100",
                            "root_block_device.0.volume_id": "vol-0496fc0b5bb5a860a",
                            "root_block_device.0.volume_size": "8",
                            "root_block_device.0.volume_type": "gp2",
                            "security_groups.#": "1",
                            "security_groups.3814588639": "default",
                            "source_dest_check": "true",
                            "subnet_id": "subnet-048d6ba5eded3bd82",
                            "tags.%": "1",
                            "tags.Name": "tf-example-vm",
                            "tenancy": "default",
                            "volume_tags.%": "0",
                            "vpc_security_group_ids.#": "1",
                            "vpc_security_group_ids.1138403980": "sg-0330d0a2c07cc8461"
                        },
                        "meta": {
                            "e2bfb730-ecaa-11e6-8f88-34363bc7c4c0": {
                                "create": 600000000000,
                                "delete": 1200000000000,
                                "update": 600000000000
                            },
                            "schema_version": "1"
                        },
                        "tainted": false
                    },
                    "deposed": [],
                    "provider": "provider.aws"
                },
                "data.aws_ami.amazon-linux-2": {
                    "type": "aws_ami",
                    "depends_on": [],
                    "primary": {
                        "id": "ami-02ea8f348fa28c108",
                        "attributes": {
                            "architecture": "x86_64",
                            "block_device_mappings.#": "1",
                            "block_device_mappings.340275815.device_name": "/dev/xvda",
                            "block_device_mappings.340275815.ebs.%": "6",
                            "block_device_mappings.340275815.ebs.delete_on_termination": "true",
                            "block_device_mappings.340275815.ebs.encrypted": "false",
                            "block_device_mappings.340275815.ebs.iops": "0",
                            "block_device_mappings.340275815.ebs.snapshot_id": "snap-0cda3ab41eb12dbf8",
                            "block_device_mappings.340275815.ebs.volume_size": "8",
                            "block_device_mappings.340275815.ebs.volume_type": "gp2",
                            "block_device_mappings.340275815.no_device": "",
                            "block_device_mappings.340275815.virtual_name": "",
                            "creation_date": "2018-10-24T21:06:52.000Z",
                            "description": "Amazon Linux 2 AMI 2.0.20181024 x86_64 HVM gp2",
                            "filter.#": "2",
                            "filter.3325118623.name": "name",
                            "filter.3325118623.values.#": "1",
                            "filter.3325118623.values.0": "amzn2-ami-hvm-2.0.*-x86_64-gp2",
                            "filter.574890044.name": "owner-alias",
                            "filter.574890044.values.#": "1",
                            "filter.574890044.values.0": "amazon",
                            "hypervisor": "xen",
                            "id": "ami-02ea8f348fa28c108",
                            "image_id": "ami-02ea8f348fa28c108",
                            "image_location": "amazon/amzn2-ami-hvm-2.0.20181024-x86_64-gp2",
                            "image_owner_alias": "amazon",
                            "image_type": "machine",
                            "most_recent": "true",
                            "name": "amzn2-ami-hvm-2.0.20181024-x86_64-gp2",
                            "owner_id": "137112412989",
                            "product_codes.#": "0",
                            "public": "true",
                            "root_device_name": "/dev/xvda",
                            "root_device_type": "ebs",
                            "root_snapshot_id": "snap-0cda3ab41eb12dbf8",
                            "sriov_net_support": "simple",
                            "state": "available",
                            "state_reason.%": "2",
                            "state_reason.code": "UNSET",
                            "state_reason.message": "UNSET",
                            "tags.%": "0",
                            "virtualization_type": "hvm"
                        },
                        "meta": {},
                        "tainted": false
                    },
                    "deposed": [],
                    "provider": "provider.aws"
                }
            },
            "depends_on": []
        }
    ]
}
